// !$*UTF8*$!
{
	archiveVersion = 1;
	classes = {
	};
	objectVersion = 46;
	objects = {

/* Begin PBXBuildFile section */
		55FD2E5B386CB0E9B5F9AE99 /* libPods-UseServerVK.a in Frameworks */ = {isa = PBXBuildFile; fileRef = 711C4EE666AD9D67185DBA78 /* libPods-UseServerVK.a */; };
		955791841B179F1B0065FB58 /* main.m in Sources */ = {isa = PBXBuildFile; fileRef = 955791831B179F1B0065FB58 /* main.m */; };
		955791871B179F1B0065FB58 /* AppDelegate.m in Sources */ = {isa = PBXBuildFile; fileRef = 955791861B179F1B0065FB58 /* AppDelegate.m */; };
		9557918A1B179F1B0065FB58 /* ViewController.m in Sources */ = {isa = PBXBuildFile; fileRef = 955791891B179F1B0065FB58 /* ViewController.m */; };
		9557918D1B179F1B0065FB58 /* Main.storyboard in Resources */ = {isa = PBXBuildFile; fileRef = 9557918B1B179F1B0065FB58 /* Main.storyboard */; };
		9557918F1B179F1B0065FB58 /* Images.xcassets in Resources */ = {isa = PBXBuildFile; fileRef = 9557918E1B179F1B0065FB58 /* Images.xcassets */; };
		955791921B179F1B0065FB58 /* LaunchScreen.xib in Resources */ = {isa = PBXBuildFile; fileRef = 955791901B179F1B0065FB58 /* LaunchScreen.xib */; };
		9557919E1B179F1B0065FB58 /* UseServerVKTests.m in Sources */ = {isa = PBXBuildFile; fileRef = 9557919D1B179F1B0065FB58 /* UseServerVKTests.m */; };
/* End PBXBuildFile section */

/* Begin PBXContainerItemProxy section */
		955791981B179F1B0065FB58 /* PBXContainerItemProxy */ = {
			isa = PBXContainerItemProxy;
			containerPortal = 955791761B179F1B0065FB58 /* Project object */;
			proxyType = 1;
			remoteGlobalIDString = 9557917D1B179F1B0065FB58;
			remoteInfo = UseServerVK;
		};
/* End PBXContainerItemProxy section */

/* Begin PBXFileReference section */
		028F190DC0FBE05CA24D7113 /* Pods-UseServerVK.debug.xcconfig */ = {isa = PBXFileReference; includeInIndex = 1; lastKnownFileType = text.xcconfig; name = "Pods-UseServerVK.debug.xcconfig"; path = "Pods/Target Support Files/Pods-UseServerVK/Pods-UseServerVK.debug.xcconfig"; sourceTree = "<group>"; };
		45353D700F213DE13EBA77DE /* Pods-UseServerVK.release.xcconfig */ = {isa = PBXFileReference; includeInIndex = 1; lastKnownFileType = text.xcconfig; name = "Pods-UseServerVK.release.xcconfig"; path = "Pods/Target Support Files/Pods-UseServerVK/Pods-UseServerVK.release.xcconfig"; sourceTree = "<group>"; };
		711C4EE666AD9D67185DBA78 /* libPods-UseServerVK.a */ = {isa = PBXFileReference; explicitFileType = archive.ar; includeInIndex = 0; path = "libPods-UseServerVK.a"; sourceTree = BUILT_PRODUCTS_DIR; };
		9557917E1B179F1B0065FB58 /* UseServerVK.app */ = {isa = PBXFileReference; explicitFileType = wrapper.application; includeInIndex = 0; path = UseServerVK.app; sourceTree = BUILT_PRODUCTS_DIR; };
		955791821B179F1B0065FB58 /* Info.plist */ = {isa = PBXFileReference; lastKnownFileType = text.plist.xml; path = Info.plist; sourceTree = "<group>"; };
		955791831B179F1B0065FB58 /* main.m */ = {isa = PBXFileReference; lastKnownFileType = sourcecode.c.objc; path = main.m; sourceTree = "<group>"; };
		955791851B179F1B0065FB58 /* AppDelegate.h */ = {isa = PBXFileReference; lastKnownFileType = sourcecode.c.h; path = AppDelegate.h; sourceTree = "<group>"; };
		955791861B179F1B0065FB58 /* AppDelegate.m */ = {isa = PBXFileReference; lastKnownFileType = sourcecode.c.objc; path = AppDelegate.m; sourceTree = "<group>"; };
		955791881B179F1B0065FB58 /* ViewController.h */ = {isa = PBXFileReference; lastKnownFileType = sourcecode.c.h; path = ViewController.h; sourceTree = "<group>"; };
		955791891B179F1B0065FB58 /* ViewController.m */ = {isa = PBXFileReference; lastKnownFileType = sourcecode.c.objc; path = ViewController.m; sourceTree = "<group>"; };
		9557918C1B179F1B0065FB58 /* Base */ = {isa = PBXFileReference; lastKnownFileType = file.storyboard; name = Base; path = Base.lproj/Main.storyboard; sourceTree = "<group>"; };
		9557918E1B179F1B0065FB58 /* Images.xcassets */ = {isa = PBXFileReference; lastKnownFileType = folder.assetcatalog; path = Images.xcassets; sourceTree = "<group>"; };
		955791911B179F1B0065FB58 /* Base */ = {isa = PBXFileReference; lastKnownFileType = file.xib; name = Base; path = Base.lproj/LaunchScreen.xib; sourceTree = "<group>"; };
		955791971B179F1B0065FB58 /* UseServerVKTests.xctest */ = {isa = PBXFileReference; explicitFileType = wrapper.cfbundle; includeInIndex = 0; path = UseServerVKTests.xctest; sourceTree = BUILT_PRODUCTS_DIR; };
		9557919C1B179F1B0065FB58 /* Info.plist */ = {isa = PBXFileReference; lastKnownFileType = text.plist.xml; path = Info.plist; sourceTree = "<group>"; };
		9557919D1B179F1B0065FB58 /* UseServerVKTests.m */ = {isa = PBXFileReference; lastKnownFileType = sourcecode.c.objc; path = UseServerVKTests.m; sourceTree = "<group>"; };
/* End PBXFileReference section */

/* Begin PBXFrameworksBuildPhase section */
		9557917B1B179F1B0065FB58 /* Frameworks */ = {
			isa = PBXFrameworksBuildPhase;
			buildActionMask = 2147483647;
			files = (
				55FD2E5B386CB0E9B5F9AE99 /* libPods-UseServerVK.a in Frameworks */,
			);
			runOnlyForDeploymentPostprocessing = 0;
		};
		955791941B179F1B0065FB58 /* Frameworks */ = {
			isa = PBXFrameworksBuildPhase;
			buildActionMask = 2147483647;
			files = (
			);
			runOnlyForDeploymentPostprocessing = 0;
		};
/* End PBXFrameworksBuildPhase section */

/* Begin PBXGroup section */
		302EB7059EB695C57218109B /* Pods */ = {
			isa = PBXGroup;
			children = (
				028F190DC0FBE05CA24D7113 /* Pods-UseServerVK.debug.xcconfig */,
				45353D700F213DE13EBA77DE /* Pods-UseServerVK.release.xcconfig */,
			);
			name = Pods;
			sourceTree = "<group>";
		};
		3A5BA08F7687EE991F062091 /* Frameworks */ = {
			isa = PBXGroup;
			children = (
				711C4EE666AD9D67185DBA78 /* libPods-UseServerVK.a */,
			);
			name = Frameworks;
			sourceTree = "<group>";
		};
		955791751B179F1B0065FB58 = {
			isa = PBXGroup;
			children = (
				955791801B179F1B0065FB58 /* UseServerVK */,
				9557919A1B179F1B0065FB58 /* UseServerVKTests */,
				9557917F1B179F1B0065FB58 /* Products */,
				302EB7059EB695C57218109B /* Pods */,
				3A5BA08F7687EE991F062091 /* Frameworks */,
			);
			sourceTree = "<group>";
		};
		9557917F1B179F1B0065FB58 /* Products */ = {
			isa = PBXGroup;
			children = (
				9557917E1B179F1B0065FB58 /* UseServerVK.app */,
				955791971B179F1B0065FB58 /* UseServerVKTests.xctest */,
			);
			name = Products;
			sourceTree = "<group>";
		};
		955791801B179F1B0065FB58 /* UseServerVK */ = {
			isa = PBXGroup;
			children = (
				955791851B179F1B0065FB58 /* AppDelegate.h */,
				955791861B179F1B0065FB58 /* AppDelegate.m */,
				955791881B179F1B0065FB58 /* ViewController.h */,
				955791891B179F1B0065FB58 /* ViewController.m */,
				9557918B1B179F1B0065FB58 /* Main.storyboard */,
				9557918E1B179F1B0065FB58 /* Images.xcassets */,
				955791901B179F1B0065FB58 /* LaunchScreen.xib */,
				955791811B179F1B0065FB58 /* Supporting Files */,
			);
			path = UseServerVK;
			sourceTree = "<group>";
		};
		955791811B179F1B0065FB58 /* Supporting Files */ = {
			isa = PBXGroup;
			children = (
				955791821B179F1B0065FB58 /* Info.plist */,
				955791831B179F1B0065FB58 /* main.m */,
			);
			name = "Supporting Files";
			sourceTree = "<group>";
		};
		9557919A1B179F1B0065FB58 /* UseServerVKTests */ = {
			isa = PBXGroup;
			children = (
				9557919D1B179F1B0065FB58 /* UseServerVKTests.m */,
				9557919B1B179F1B0065FB58 /* Supporting Files */,
			);
			path = UseServerVKTests;
			sourceTree = "<group>";
		};
		9557919B1B179F1B0065FB58 /* Supporting Files */ = {
			isa = PBXGroup;
			children = (
				9557919C1B179F1B0065FB58 /* Info.plist */,
			);
			name = "Supporting Files";
			sourceTree = "<group>";
		};
/* End PBXGroup section */

/* Begin PBXNativeTarget section */
		9557917D1B179F1B0065FB58 /* UseServerVK */ = {
			isa = PBXNativeTarget;
			buildConfigurationList = 955791A11B179F1B0065FB58 /* Build configuration list for PBXNativeTarget "UseServerVK" */;
			buildPhases = (
				79909667F45224A412590ACD /* Check Pods Manifest.lock */,
				9557917A1B179F1B0065FB58 /* Sources */,
				9557917B1B179F1B0065FB58 /* Frameworks */,
				9557917C1B179F1B0065FB58 /* Resources */,
				4587C83A3E68F8E6BB1B93A8 /* Copy Pods Resources */,
			);
			buildRules = (
			);
			dependencies = (
			);
			name = UseServerVK;
			productName = UseServerVK;
			productReference = 9557917E1B179F1B0065FB58 /* UseServerVK.app */;
			productType = "com.apple.product-type.application";
		};
		955791961B179F1B0065FB58 /* UseServerVKTests */ = {
			isa = PBXNativeTarget;
			buildConfigurationList = 955791A41B179F1B0065FB58 /* Build configuration list for PBXNativeTarget "UseServerVKTests" */;
			buildPhases = (
				955791931B179F1B0065FB58 /* Sources */,
				955791941B179F1B0065FB58 /* Frameworks */,
				955791951B179F1B0065FB58 /* Resources */,
			);
			buildRules = (
			);
			dependencies = (
				955791991B179F1B0065FB58 /* PBXTargetDependency */,
			);
			name = UseServerVKTests;
			productName = UseServerVKTests;
			productReference = 955791971B179F1B0065FB58 /* UseServerVKTests.xctest */;
			productType = "com.apple.product-type.bundle.unit-test";
		};
/* End PBXNativeTarget section */

/* Begin PBXProject section */
		955791761B179F1B0065FB58 /* Project object */ = {
			isa = PBXProject;
			attributes = {
				LastUpgradeCheck = 0630;
				ORGANIZATIONNAME = gng;
				TargetAttributes = {
					9557917D1B179F1B0065FB58 = {
						CreatedOnToolsVersion = 6.3.2;
					};
					955791961B179F1B0065FB58 = {
						CreatedOnToolsVersion = 6.3.2;
						TestTargetID = 9557917D1B179F1B0065FB58;
					};
				};
			};
			buildConfigurationList = 955791791B179F1B0065FB58 /* Build configuration list for PBXProject "UseServerVK" */;
			compatibilityVersion = "Xcode 3.2";
			developmentRegion = English;
			hasScannedForEncodings = 0;
			knownRegions = (
				en,
				Base,
			);
			mainGroup = 955791751B179F1B0065FB58;
			productRefGroup = 9557917F1B179F1B0065FB58 /* Products */;
			projectDirPath = "";
			projectRoot = "";
			targets = (
				9557917D1B179F1B0065FB58 /* UseServerVK */,
				955791961B179F1B0065FB58 /* UseServerVKTests */,
			);
		};
/* End PBXProject section */

/* Begin PBXResourcesBuildPhase section */
		9557917C1B179F1B0065FB58 /* Resources */ = {
			isa = PBXResourcesBuildPhase;
			buildActionMask = 2147483647;
			files = (
				9557918D1B179F1B0065FB58 /* Main.storyboard in Resources */,
				955791921B179F1B0065FB58 /* LaunchScreen.xib in Resources */,
				9557918F1B179F1B0065FB58 /* Images.xcassets in Resources */,
			);
			runOnlyForDeploymentPostprocessing = 0;
		};
		955791951B179F1B0065FB58 /* Resources */ = {
			isa = PBXResourcesBuildPhase;
			buildActionMask = 2147483647;
			files = (
			);
			runOnlyForDeploymentPostprocessing = 0;
		};
/* End PBXResourcesBuildPhase section */

/* Begin PBXShellScriptBuildPhase section */
		4587C83A3E68F8E6BB1B93A8 /* Copy Pods Resources */ = {
			isa = PBXShellScriptBuildPhase;
			buildActionMask = 2147483647;
			files = (
			);
			inputPaths = (
			);
			name = "Copy Pods Resources";
			outputPaths = (
			);
			runOnlyForDeploymentPostprocessing = 0;
			shellPath = /bin/sh;
			shellScript = "\"${SRCROOT}/Pods/Target Support Files/Pods-UseServerVK/Pods-UseServerVK-resources.sh\"\n";
			showEnvVarsInLog = 0;
		};
		79909667F45224A412590ACD /* Check Pods Manifest.lock */ = {
			isa = PBXShellScriptBuildPhase;
			buildActionMask = 2147483647;
			files = (
			);
			inputPaths = (
			);
			name = "Check Pods Manifest.lock";
			outputPaths = (
			);
			runOnlyForDeploymentPostprocessing = 0;
			shellPath = /bin/sh;
			shellScript = "diff \"${PODS_ROOT}/../Podfile.lock\" \"${PODS_ROOT}/Manifest.lock\" > /dev/null\nif [[ $? != 0 ]] ; then\n    cat << EOM\nerror: The sandbox is not in sync with the Podfile.lock. Run 'pod install' or update your CocoaPods installation.\nEOM\n    exit 1\nfi\n";
			showEnvVarsInLog = 0;
		};
/* End PBXShellScriptBuildPhase section */

/* Begin PBXSourcesBuildPhase section */
		9557917A1B179F1B0065FB58 /* Sources */ = {
			isa = PBXSourcesBuildPhase;
			buildActionMask = 2147483647;
			files = (
				9557918A1B179F1B0065FB58 /* ViewController.m in Sources */,
				955791871B179F1B0065FB58 /* AppDelegate.m in Sources */,
				955791841B179F1B0065FB58 /* main.m in Sources */,
			);
			runOnlyForDeploymentPostprocessing = 0;
		};
		955791931B179F1B0065FB58 /* Sources */ = {
			isa = PBXSourcesBuildPhase;
			buildActionMask = 2147483647;
			files = (
				9557919E1B179F1B0065FB58 /* UseServerVKTests.m in Sources */,
			);
			runOnlyForDeploymentPostprocessing = 0;
		};
/* End PBXSourcesBuildPhase section */

/* Begin PBXTargetDependency section */
		955791991B179F1B0065FB58 /* PBXTargetDependency */ = {
			isa = PBXTargetDependency;
			target = 9557917D1B179F1B0065FB58 /* UseServerVK */;
			targetProxy = 955791981B179F1B0065FB58 /* PBXContainerItemProxy */;
		};
/* End PBXTargetDependency section */

/* Begin PBXVariantGroup section */
		9557918B1B179F1B0065FB58 /* Main.storyboard */ = {
			isa = PBXVariantGroup;
			children = (
				9557918C1B179F1B0065FB58 /* Base */,
			);
			name = Main.storyboard;
			sourceTree = "<group>";
		};
		955791901B179F1B0065FB58 /* LaunchScreen.xib */ = {
			isa = PBXVariantGroup;
			children = (
				955791911B179F1B0065FB58 /* Base */,
			);
			name = LaunchScreen.xib;
			sourceTree = "<group>";
		};
/* End PBXVariantGroup section */

/* Begin XCBuildConfiguration section */
		9557919F1B179F1B0065FB58 /* Debug */ = {
			isa = XCBuildConfiguration;
			buildSettings = {
				ALWAYS_SEARCH_USER_PATHS = NO;
				CLANG_CXX_LANGUAGE_STANDARD = "gnu++0x";
				CLANG_CXX_LIBRARY = "libc++";
				CLANG_ENABLE_MODULES = YES;
				CLANG_ENABLE_OBJC_ARC = YES;
				CLANG_WARN_BOOL_CONVERSION = YES;
				CLANG_WARN_CONSTANT_CONVERSION = YES;
				CLANG_WARN_DIRECT_OBJC_ISA_USAGE = YES_ERROR;
				CLANG_WARN_EMPTY_BODY = YES;
				CLANG_WARN_ENUM_CONVERSION = YES;
				CLANG_WARN_INT_CONVERSION = YES;
				CLANG_WARN_OBJC_ROOT_CLASS = YES_ERROR;
				CLANG_WARN_UNREACHABLE_CODE = YES;
				CLANG_WARN__DUPLICATE_METHOD_MATCH = YES;
				"CODE_SIGN_IDENTITY[sdk=iphoneos*]" = "iPhone Developer";
				COPY_PHASE_STRIP = NO;
				DEBUG_INFORMATION_FORMAT = "dwarf-with-dsym";
				ENABLE_STRICT_OBJC_MSGSEND = YES;
				GCC_C_LANGUAGE_STANDARD = gnu99;
				GCC_DYNAMIC_NO_PIC = NO;
				GCC_NO_COMMON_BLOCKS = YES;
				GCC_OPTIMIZATION_LEVEL = 0;
				GCC_PREPROCESSOR_DEFINITIONS = (
					"DEBUG=1",
					"$(inherited)",
				);
				GCC_SYMBOLS_PRIVATE_EXTERN = NO;
				GCC_WARN_64_TO_32_BIT_CONVERSION = YES;
				GCC_WARN_ABOUT_RETURN_TYPE = YES_ERROR;
				GCC_WARN_UNDECLARED_SELECTOR = YES;
				GCC_WARN_UNINITIALIZED_AUTOS = YES_AGGRESSIVE;
				GCC_WARN_UNUSED_FUNCTION = YES;
				GCC_WARN_UNUSED_VARIABLE = YES;
				IPHONEOS_DEPLOYMENT_TARGET = 8.3;
				MTL_ENABLE_DEBUG_INFO = YES;
				ONLY_ACTIVE_ARCH = YES;
				SDKROOT = iphoneos;
			};
			name = Debug;
		};
		955791A01B179F1B0065FB58 /* Release */ = {
			isa = XCBuildConfiguration;
			buildSettings = {
				ALWAYS_SEARCH_USER_PATHS = NO;
				CLANG_CXX_LANGUAGE_STANDARD = "gnu++0x";
				CLANG_CXX_LIBRARY = "libc++";
				CLANG_ENABLE_MODULES = YES;
				CLANG_ENABLE_OBJC_ARC = YES;
				CLANG_WARN_BOOL_CONVERSION = YES;
				CLANG_WARN_CONSTANT_CONVERSION = YES;
				CLANG_WARN_DIRECT_OBJC_ISA_USAGE = YES_ERROR;
				CLANG_WARN_EMPTY_BODY = YES;
				CLANG_WARN_ENUM_CONVERSION = YES;
				CLANG_WARN_INT_CONVERSION = YES;
				CLANG_WARN_OBJC_ROOT_CLASS = YES_ERROR;
				CLANG_WARN_UNREACHABLE_CODE = YES;
				CLANG_WARN__DUPLICATE_METHOD_MATCH = YES;
				"CODE_SIGN_IDENTITY[sdk=iphoneos*]" = "iPhone Developer";
				COPY_PHASE_STRIP = NO;
				DEBUG_INFORMATION_FORMAT = "dwarf-with-dsym";
				ENABLE_NS_ASSERTIONS = NO;
				ENABLE_STRICT_OBJC_MSGSEND = YES;
				GCC_C_LANGUAGE_STANDARD = gnu99;
				GCC_NO_COMMON_BLOCKS = YES;
				GCC_WARN_64_TO_32_BIT_CONVERSION = YES;
				GCC_WARN_ABOUT_RETURN_TYPE = YES_ERROR;
				GCC_WARN_UNDECLARED_SELECTOR = YES;
				GCC_WARN_UNINITIALIZED_AUTOS = YES_AGGRESSIVE;
				GCC_WARN_UNUSED_FUNCTION = YES;
				GCC_WARN_UNUSED_VARIABLE = YES;
				IPHONEOS_DEPLOYMENT_TARGET = 8.3;
				MTL_ENABLE_DEBUG_INFO = NO;
				SDKROOT = iphoneos;
				VALIDATE_PRODUCT = YES;
			};
			name = Release;
		};
		955791A21B179F1B0065FB58 /* Debug */ = {
			isa = XCBuildConfiguration;
			baseConfigurationReference = 028F190DC0FBE05CA24D7113 /* Pods-UseServerVK.debug.xcconfig */;
			buildSettings = {
				ASSETCATALOG_COMPILER_APPICON_NAME = AppIcon;
				INFOPLIST_FILE = UseServerVK/Info.plist;
				LD_RUNPATH_SEARCH_PATHS = "$(inherited) @executable_path/Frameworks";
				PRODUCT_NAME = "$(TARGET_NAME)";
			};
			name = Debug;
		};
		955791A31B179F1B0065FB58 /* Release */ = {
			isa = XCBuildConfiguration;
			baseConfigurationReference = 45353D700F213DE13EBA77DE /* Pods-UseServerVK.release.xcconfig */;
			buildSettings = {
				ASSETCATALOG_COMPILER_APPICON_NAME = AppIcon;
				INFOPLIST_FILE = UseServerVK/Info.plist;
				LD_RUNPATH_SEARCH_PATHS = "$(inherited) @executable_path/Frameworks";
				PRODUCT_NAME = "$(TARGET_NAME)";
			};
			name = Release;
		};
		955791A51B179F1B0065FB58 /* Debug */ = {
			isa = XCBuildConfiguration;
			buildSettings = {
				BUNDLE_LOADER = "$(TEST_HOST)";
				FRAMEWORK_SEARCH_PATHS = (
					"$(SDKROOT)/Developer/Library/Frameworks",
					"$(inherited)",
				);
				GCC_PREPROCESSOR_DEFINITIONS = (
					"DEBUG=1",
					"$(inherited)",
				);
				INFOPLIST_FILE = UseServerVKTests/Info.plist;
				LD_RUNPATH_SEARCH_PATHS = "$(inherited) @executable_path/Frameworks @loader_path/Frameworks";
				PRODUCT_NAME = "$(TARGET_NAME)";
				TEST_HOST = "$(BUILT_PRODUCTS_DIR)/UseServerVK.app/UseServerVK";
			};
			name = Debug;
		};
		955791A61B179F1B0065FB58 /* Release */ = {
			isa = XCBuildConfiguration;
			buildSettings = {
				BUNDLE_LOADER = "$(TEST_HOST)";
				FRAMEWORK_SEARCH_PATHS = (
					"$(SDKROOT)/Developer/Library/Frameworks",
					"$(inherited)",
				);
				INFOPLIST_FILE = UseServerVKTests/Info.plist;
				LD_RUNPATH_SEARCH_PATHS = "$(inherited) @executable_path/Frameworks @loader_path/Frameworks";
				PRODUCT_NAME = "$(TARGET_NAME)";
				TEST_HOST = "$(BUILT_PRODUCTS_DIR)/UseServerVK.app/UseServerVK";
			};
			name = Release;
		};
/* End XCBuildConfiguration section */

/* Begin XCConfigurationList section */
		955791791B179F1B0065FB58 /* Build configuration list for PBXProject "UseServerVK" */ = {
			isa = XCConfigurationList;
			buildConfigurations = (
				9557919F1B179F1B0065FB58 /* Debug */,
				955791A01B179F1B0065FB58 /* Release */,
			);
			defaultConfigurationIsVisible = 0;
			defaultConfigurationName = Release;
		};
		955791A11B179F1B0065FB58 /* Build configuration list for PBXNativeTarget "UseServerVK" */ = {
			isa = XCConfigurationList;
			buildConfigurations = (
				955791A21B179F1B0065FB58 /* Debug */,
				955791A31B179F1B0065FB58 /* Release */,
			);
			defaultConfigurationIsVisible = 0;
			defaultConfigurationName = Release;
		};
		955791A41B179F1B0065FB58 /* Build configuration list for PBXNativeTarget "UseServerVKTests" */ = {
			isa = XCConfigurationList;
			buildConfigurations = (
				955791A51B179F1B0065FB58 /* Debug */,
				955791A61B179F1B0065FB58 /* Release */,
			);
			defaultConfigurationIsVisible = 0;
			defaultConfigurationName = Release;
		};
/* End XCConfigurationList section */
	};
	rootObject = 955791761B179F1B0065FB58 /* Project object */;
}
